
Microsoft Visual Studio Solution File, Format Version 12.00
# Visual Studio Version 16
VisualStudioVersion = 16.0.29102.190
MinimumVisualStudioVersion = 10.0.40219.1
Project("{FAE04EC0-301F-11D3-BF4B-00C04F79EFBC}") = "MySamurai2.Data", "MySamurai2.Data\MySamurai2.Data.csproj", "{8283FFEB-7D78-4040-A5B4-F47B0F8D925E}"
EndProject
Project("{FAE04EC0-301F-11D3-BF4B-00C04F79EFBC}") = "MySamurai2.Domain", "MySamurai2.Domain\MySamurai2.Domain.csproj", "{A603D2FA-4B95-445E-B312-C2BC6EBA073A}"
EndProject
Global
	GlobalSection(SolutionConfigurationPlatforms) = preSolution
		Debug|Any CPU = Debug|Any CPU
		Release|Any CPU = Release|Any CPU
	EndGlobalSection
	GlobalSection(ProjectConfigurationPlatforms) = postSolution
		{8283FFEB-7D78-4040-A5B4-F47B0F8D925E}.Debug|Any CPU.ActiveCfg = Debug|Any CPU
		{8283FFEB-7D78-4040-A5B4-F47B0F8D925E}.Debug|Any CPU.Build.0 = Debug|Any CPU
		{8283FFEB-7D78-4040-A5B4-F47B0F8D925E}.Release|Any CPU.ActiveCfg = Release|Any CPU
		{8283FFEB-7D78-4040-A5B4-F47B0F8D925E}.Release|Any CPU.Build.0 = Release|Any CPU
		{A603D2FA-4B95-445E-B312-C2BC6EBA073A}.Debug|Any CPU.ActiveCfg = Debug|Any CPU
		{A603D2FA-4B95-445E-B312-C2BC6EBA073A}.Debug|Any CPU.Build.0 = Debug|Any CPU
		{A603D2FA-4B95-445E-B312-C2BC6EBA073A}.Release|Any CPU.ActiveCfg = Release|Any CPU
		{A603D2FA-4B95-445E-B312-C2BC6EBA073A}.Release|Any CPU.Build.0 = Release|Any CPU
	EndGlobalSection
	GlobalSection(SolutionProperties) = preSolution
		HideSolutionNode = FALSE
	EndGlobalSection
	GlobalSection(ExtensibilityGlobals) = postSolution
		SolutionGuid = {C399AD08-3A52-41D6-BDA8-F6434C5EBFF5}
	EndGlobalSection
EndGlobal
